// !$*UTF8*$!
{
	archiveVersion = 1;
	classes = {
	};
	objectVersion = 46;
	objects = {

/* Begin PBXBuildFile section */
		BF8ADC371D8A4FE900A7606C /* FlickrRequestStringBuilder.swift in Sources */ = {isa = PBXBuildFile; fileRef = BF8ADC361D8A4FE900A7606C /* FlickrRequestStringBuilder.swift */; };
		BF8ADC3B1D8A684400A7606C /* imageDownloader.swift in Sources */ = {isa = PBXBuildFile; fileRef = BF8ADC3A1D8A684400A7606C /* imageDownloader.swift */; };
		BFA955E21D85F64400003D0C /* AppDelegate.swift in Sources */ = {isa = PBXBuildFile; fileRef = BFA955E11D85F64400003D0C /* AppDelegate.swift */; };
		BFA955E41D85F64400003D0C /* ViewController.swift in Sources */ = {isa = PBXBuildFile; fileRef = BFA955E31D85F64400003D0C /* ViewController.swift */; };
		BFA955E71D85F64400003D0C /* Main.storyboard in Resources */ = {isa = PBXBuildFile; fileRef = BFA955E51D85F64400003D0C /* Main.storyboard */; };
		BFA955E91D85F64400003D0C /* Assets.xcassets in Resources */ = {isa = PBXBuildFile; fileRef = BFA955E81D85F64400003D0C /* Assets.xcassets */; };
		BFA955EC1D85F64400003D0C /* LaunchScreen.storyboard in Resources */ = {isa = PBXBuildFile; fileRef = BFA955EA1D85F64400003D0C /* LaunchScreen.storyboard */; };
		BFA955F71D85F64400003D0C /* FlickrBrowserTests.swift in Sources */ = {isa = PBXBuildFile; fileRef = BFA955F61D85F64400003D0C /* FlickrBrowserTests.swift */; };
		BFA956021D86089100003D0C /* ImageResultsViewController.swift in Sources */ = {isa = PBXBuildFile; fileRef = BFA956011D86089100003D0C /* ImageResultsViewController.swift */; };
		BFA956041D8609D500003D0C /* ImageResultTableViewCell.swift in Sources */ = {isa = PBXBuildFile; fileRef = BFA956031D8609D500003D0C /* ImageResultTableViewCell.swift */; };
		BFA956061D861BA100003D0C /* ImageViewController.swift in Sources */ = {isa = PBXBuildFile; fileRef = BFA956051D861BA100003D0C /* ImageViewController.swift */; };
		BFBB31C81DA04A2B0039E80C /* FlickrUrlRequest.swift in Sources */ = {isa = PBXBuildFile; fileRef = BFBB31C71DA04A2B0039E80C /* FlickrUrlRequest.swift */; };
		BFBB31CA1DA192B80039E80C /* SearchResults.swift in Sources */ = {isa = PBXBuildFile; fileRef = BFBB31C91DA192B80039E80C /* SearchResults.swift */; };
		BFBB31CD1DA19ED30039E80C /* Photo.swift in Sources */ = {isa = PBXBuildFile; fileRef = BFBB31CC1DA19ED30039E80C /* Photo.swift */; };
		BFBB31CF1DA19EF20039E80C /* PhotoCollection.swift in Sources */ = {isa = PBXBuildFile; fileRef = BFBB31CE1DA19EF20039E80C /* PhotoCollection.swift */; };
		BFE894BA1D8BB75200FC0C05 /* ImageTableData.swift in Sources */ = {isa = PBXBuildFile; fileRef = BFE894B91D8BB75200FC0C05 /* ImageTableData.swift */; };
		BFE894BE1D8BB86400FC0C05 /* ImageData.swift in Sources */ = {isa = PBXBuildFile; fileRef = BFE894BD1D8BB86400FC0C05 /* ImageData.swift */; };
/* End PBXBuildFile section */

/* Begin PBXContainerItemProxy section */
		BFA955F31D85F64400003D0C /* PBXContainerItemProxy */ = {
			isa = PBXContainerItemProxy;
			containerPortal = BFA955D61D85F64400003D0C /* Project object */;
			proxyType = 1;
			remoteGlobalIDString = BFA955DD1D85F64400003D0C;
			remoteInfo = FlickrBrowser;
		};
/* End PBXContainerItemProxy section */

/* Begin PBXFileReference section */
		BF8ADC361D8A4FE900A7606C /* FlickrRequestStringBuilder.swift */ = {isa = PBXFileReference; fileEncoding = 4; lastKnownFileType = sourcecode.swift; name = FlickrRequestStringBuilder.swift; path = Model/FlickrRequestStringBuilder.swift; sourceTree = "<group>"; };
		BF8ADC3A1D8A684400A7606C /* imageDownloader.swift */ = {isa = PBXFileReference; fileEncoding = 4; lastKnownFileType = sourcecode.swift; name = imageDownloader.swift; path = Model/imageDownloader.swift; sourceTree = "<group>"; };
		BFA955DE1D85F64400003D0C /* FlickrBrowser.app */ = {isa = PBXFileReference; explicitFileType = wrapper.application; includeInIndex = 0; path = FlickrBrowser.app; sourceTree = BUILT_PRODUCTS_DIR; };
		BFA955E11D85F64400003D0C /* AppDelegate.swift */ = {isa = PBXFileReference; lastKnownFileType = sourcecode.swift; path = AppDelegate.swift; sourceTree = "<group>"; };
		BFA955E31D85F64400003D0C /* ViewController.swift */ = {isa = PBXFileReference; lastKnownFileType = sourcecode.swift; path = ViewController.swift; sourceTree = "<group>"; };
		BFA955E61D85F64400003D0C /* Base */ = {isa = PBXFileReference; lastKnownFileType = file.storyboard; name = Base; path = Base.lproj/Main.storyboard; sourceTree = "<group>"; };
		BFA955E81D85F64400003D0C /* Assets.xcassets */ = {isa = PBXFileReference; lastKnownFileType = folder.assetcatalog; path = Assets.xcassets; sourceTree = "<group>"; };
		BFA955EB1D85F64400003D0C /* Base */ = {isa = PBXFileReference; lastKnownFileType = file.storyboard; name = Base; path = Base.lproj/LaunchScreen.storyboard; sourceTree = "<group>"; };
		BFA955ED1D85F64400003D0C /* Info.plist */ = {isa = PBXFileReference; lastKnownFileType = text.plist.xml; path = Info.plist; sourceTree = "<group>"; };
		BFA955F21D85F64400003D0C /* FlickrBrowserTests.xctest */ = {isa = PBXFileReference; explicitFileType = wrapper.cfbundle; includeInIndex = 0; path = FlickrBrowserTests.xctest; sourceTree = BUILT_PRODUCTS_DIR; };
		BFA955F61D85F64400003D0C /* FlickrBrowserTests.swift */ = {isa = PBXFileReference; lastKnownFileType = sourcecode.swift; path = FlickrBrowserTests.swift; sourceTree = "<group>"; };
		BFA955F81D85F64400003D0C /* Info.plist */ = {isa = PBXFileReference; lastKnownFileType = text.plist.xml; path = Info.plist; sourceTree = "<group>"; };
		BFA956011D86089100003D0C /* ImageResultsViewController.swift */ = {isa = PBXFileReference; fileEncoding = 4; lastKnownFileType = sourcecode.swift; path = ImageResultsViewController.swift; sourceTree = "<group>"; };
		BFA956031D8609D500003D0C /* ImageResultTableViewCell.swift */ = {isa = PBXFileReference; fileEncoding = 4; lastKnownFileType = sourcecode.swift; path = ImageResultTableViewCell.swift; sourceTree = "<group>"; };
		BFA956051D861BA100003D0C /* ImageViewController.swift */ = {isa = PBXFileReference; fileEncoding = 4; lastKnownFileType = sourcecode.swift; path = ImageViewController.swift; sourceTree = "<group>"; };
		BFBB31C71DA04A2B0039E80C /* FlickrUrlRequest.swift */ = {isa = PBXFileReference; fileEncoding = 4; lastKnownFileType = sourcecode.swift; name = FlickrUrlRequest.swift; path = Model/FlickrUrlRequest.swift; sourceTree = "<group>"; };
		BFBB31C91DA192B80039E80C /* SearchResults.swift */ = {isa = PBXFileReference; fileEncoding = 4; lastKnownFileType = sourcecode.swift; name = SearchResults.swift; path = Model/SearchResults.swift; sourceTree = "<group>"; };
		BFBB31CC1DA19ED30039E80C /* Photo.swift */ = {isa = PBXFileReference; fileEncoding = 4; lastKnownFileType = sourcecode.swift; name = Photo.swift; path = Model/Photo/Photo.swift; sourceTree = "<group>"; };
		BFBB31CE1DA19EF20039E80C /* PhotoCollection.swift */ = {isa = PBXFileReference; fileEncoding = 4; lastKnownFileType = sourcecode.swift; name = PhotoCollection.swift; path = Model/Photo/PhotoCollection.swift; sourceTree = "<group>"; };
		BFE894B91D8BB75200FC0C05 /* ImageTableData.swift */ = {isa = PBXFileReference; fileEncoding = 4; lastKnownFileType = sourcecode.swift; name = ImageTableData.swift; path = Model/ImageTableData.swift; sourceTree = "<group>"; };
		BFE894BD1D8BB86400FC0C05 /* ImageData.swift */ = {isa = PBXFileReference; fileEncoding = 4; lastKnownFileType = sourcecode.swift; name = ImageData.swift; path = Model/ImageData.swift; sourceTree = "<group>"; };
/* End PBXFileReference section */

/* Begin PBXFrameworksBuildPhase section */
		BFA955DB1D85F64400003D0C /* Frameworks */ = {
			isa = PBXFrameworksBuildPhase;
			buildActionMask = 2147483647;
			files = (
			);
			runOnlyForDeploymentPostprocessing = 0;
		};
		BFA955EF1D85F64400003D0C /* Frameworks */ = {
			isa = PBXFrameworksBuildPhase;
			buildActionMask = 2147483647;
			files = (
			);
			runOnlyForDeploymentPostprocessing = 0;
		};
/* End PBXFrameworksBuildPhase section */

/* Begin PBXGroup section */
		BF8ADC391D8A66BD00A7606C /* Model */ = {
			isa = PBXGroup;
			children = (
				BFBB31CB1DA19EAC0039E80C /* Photo */,
				BF8ADC361D8A4FE900A7606C /* FlickrRequestStringBuilder.swift */,
				BF8ADC3A1D8A684400A7606C /* imageDownloader.swift */,
				BFE894B91D8BB75200FC0C05 /* ImageTableData.swift */,
				BFE894BD1D8BB86400FC0C05 /* ImageData.swift */,
				BFBB31C71DA04A2B0039E80C /* FlickrUrlRequest.swift */,
				BFBB31C91DA192B80039E80C /* SearchResults.swift */,
			);
			name = Model;
			sourceTree = "<group>";
		};
		BFA955D51D85F64400003D0C = {
			isa = PBXGroup;
			children = (
				BFA955E01D85F64400003D0C /* FlickrBrowser */,
				BFA955F51D85F64400003D0C /* FlickrBrowserTests */,
				BFA955DF1D85F64400003D0C /* Products */,
			);
			sourceTree = "<group>";
		};
		BFA955DF1D85F64400003D0C /* Products */ = {
			isa = PBXGroup;
			children = (
				BFA955DE1D85F64400003D0C /* FlickrBrowser.app */,
				BFA955F21D85F64400003D0C /* FlickrBrowserTests.xctest */,
			);
			name = Products;
			sourceTree = "<group>";
		};
		BFA955E01D85F64400003D0C /* FlickrBrowser */ = {
			isa = PBXGroup;
			children = (
				BFA955E11D85F64400003D0C /* AppDelegate.swift */,
				BFA955E31D85F64400003D0C /* ViewController.swift */,
				BFA955E51D85F64400003D0C /* Main.storyboard */,
				BFA955E81D85F64400003D0C /* Assets.xcassets */,
				BFA955EA1D85F64400003D0C /* LaunchScreen.storyboard */,
				BFA955ED1D85F64400003D0C /* Info.plist */,
				BFA956011D86089100003D0C /* ImageResultsViewController.swift */,
				BFA956031D8609D500003D0C /* ImageResultTableViewCell.swift */,
				BFA956051D861BA100003D0C /* ImageViewController.swift */,
				BF8ADC391D8A66BD00A7606C /* Model */,
			);
			path = FlickrBrowser;
			sourceTree = "<group>";
		};
		BFA955F51D85F64400003D0C /* FlickrBrowserTests */ = {
			isa = PBXGroup;
			children = (
				BFA955F61D85F64400003D0C /* FlickrBrowserTests.swift */,
				BFA955F81D85F64400003D0C /* Info.plist */,
			);
			path = FlickrBrowserTests;
			sourceTree = "<group>";
		};
		BFBB31CB1DA19EAC0039E80C /* Photo */ = {
			isa = PBXGroup;
			children = (
				BFBB31CC1DA19ED30039E80C /* Photo.swift */,
				BFBB31CE1DA19EF20039E80C /* PhotoCollection.swift */,
			);
			name = Photo;
			sourceTree = "<group>";
		};
/* End PBXGroup section */

/* Begin PBXNativeTarget section */
		BFA955DD1D85F64400003D0C /* FlickrBrowser */ = {
			isa = PBXNativeTarget;
			buildConfigurationList = BFA955FB1D85F64400003D0C /* Build configuration list for PBXNativeTarget "FlickrBrowser" */;
			buildPhases = (
				BFA955DA1D85F64400003D0C /* Sources */,
				BFA955DB1D85F64400003D0C /* Frameworks */,
				BFA955DC1D85F64400003D0C /* Resources */,
			);
			buildRules = (
			);
			dependencies = (
			);
			name = FlickrBrowser;
			productName = FlickrBrowser;
			productReference = BFA955DE1D85F64400003D0C /* FlickrBrowser.app */;
			productType = "com.apple.product-type.application";
		};
		BFA955F11D85F64400003D0C /* FlickrBrowserTests */ = {
			isa = PBXNativeTarget;
			buildConfigurationList = BFA955FE1D85F64400003D0C /* Build configuration list for PBXNativeTarget "FlickrBrowserTests" */;
			buildPhases = (
				BFA955EE1D85F64400003D0C /* Sources */,
				BFA955EF1D85F64400003D0C /* Frameworks */,
				BFA955F01D85F64400003D0C /* Resources */,
			);
			buildRules = (
			);
			dependencies = (
				BFA955F41D85F64400003D0C /* PBXTargetDependency */,
			);
			name = FlickrBrowserTests;
			productName = FlickrBrowserTests;
			productReference = BFA955F21D85F64400003D0C /* FlickrBrowserTests.xctest */;
			productType = "com.apple.product-type.bundle.unit-test";
		};
/* End PBXNativeTarget section */

/* Begin PBXProject section */
		BFA955D61D85F64400003D0C /* Project object */ = {
			isa = PBXProject;
			attributes = {
				LastSwiftUpdateCheck = 0720;
				LastUpgradeCheck = 0720;
				ORGANIZATIONNAME = LokiSoftware;
				TargetAttributes = {
					BFA955DD1D85F64400003D0C = {
						CreatedOnToolsVersion = 7.2.1;
					};
					BFA955F11D85F64400003D0C = {
						CreatedOnToolsVersion = 7.2.1;
						TestTargetID = BFA955DD1D85F64400003D0C;
					};
				};
			};
			buildConfigurationList = BFA955D91D85F64400003D0C /* Build configuration list for PBXProject "FlickrBrowser" */;
			compatibilityVersion = "Xcode 3.2";
			developmentRegion = English;
			hasScannedForEncodings = 0;
			knownRegions = (
				en,
				Base,
			);
			mainGroup = BFA955D51D85F64400003D0C;
			productRefGroup = BFA955DF1D85F64400003D0C /* Products */;
			projectDirPath = "";
			projectRoot = "";
			targets = (
				BFA955DD1D85F64400003D0C /* FlickrBrowser */,
				BFA955F11D85F64400003D0C /* FlickrBrowserTests */,
			);
		};
/* End PBXProject section */

/* Begin PBXResourcesBuildPhase section */
		BFA955DC1D85F64400003D0C /* Resources */ = {
			isa = PBXResourcesBuildPhase;
			buildActionMask = 2147483647;
			files = (
				BFA955EC1D85F64400003D0C /* LaunchScreen.storyboard in Resources */,
				BFA955E91D85F64400003D0C /* Assets.xcassets in Resources */,
				BFA955E71D85F64400003D0C /* Main.storyboard in Resources */,
			);
			runOnlyForDeploymentPostprocessing = 0;
		};
		BFA955F01D85F64400003D0C /* Resources */ = {
			isa = PBXResourcesBuildPhase;
			buildActionMask = 2147483647;
			files = (
			);
			runOnlyForDeploymentPostprocessing = 0;
		};
/* End PBXResourcesBuildPhase section */

/* Begin PBXSourcesBuildPhase section */
		BFA955DA1D85F64400003D0C /* Sources */ = {
			isa = PBXSourcesBuildPhase;
			buildActionMask = 2147483647;
			files = (
				BFBB31CD1DA19ED30039E80C /* Photo.swift in Sources */,
				BFBB31CA1DA192B80039E80C /* SearchResults.swift in Sources */,
				BFBB31CF1DA19EF20039E80C /* PhotoCollection.swift in Sources */,
				BF8ADC371D8A4FE900A7606C /* FlickrRequestStringBuilder.swift in Sources */,
				BF8ADC3B1D8A684400A7606C /* imageDownloader.swift in Sources */,
				BFBB31C81DA04A2B0039E80C /* FlickrUrlRequest.swift in Sources */,
				BFA956021D86089100003D0C /* ImageResultsViewController.swift in Sources */,
				BFA955E41D85F64400003D0C /* ViewController.swift in Sources */,
				BFE894BA1D8BB75200FC0C05 /* ImageTableData.swift in Sources */,
				BFE894BE1D8BB86400FC0C05 /* ImageData.swift in Sources */,
				BFA956061D861BA100003D0C /* ImageViewController.swift in Sources */,
				BFA956041D8609D500003D0C /* ImageResultTableViewCell.swift in Sources */,
				BFA955E21D85F64400003D0C /* AppDelegate.swift in Sources */,
			);
			runOnlyForDeploymentPostprocessing = 0;
		};
		BFA955EE1D85F64400003D0C /* Sources */ = {
			isa = PBXSourcesBuildPhase;
			buildActionMask = 2147483647;
			files = (
				BFA955F71D85F64400003D0C /* FlickrBrowserTests.swift in Sources */,
			);
			runOnlyForDeploymentPostprocessing = 0;
		};
/* End PBXSourcesBuildPhase section */

/* Begin PBXTargetDependency section */
		BFA955F41D85F64400003D0C /* PBXTargetDependency */ = {
			isa = PBXTargetDependency;
			target = BFA955DD1D85F64400003D0C /* FlickrBrowser */;
			targetProxy = BFA955F31D85F64400003D0C /* PBXContainerItemProxy */;
		};
/* End PBXTargetDependency section */

/* Begin PBXVariantGroup section */
		BFA955E51D85F64400003D0C /* Main.storyboard */ = {
			isa = PBXVariantGroup;
			children = (
				BFA955E61D85F64400003D0C /* Base */,
			);
			name = Main.storyboard;
			sourceTree = "<group>";
		};
		BFA955EA1D85F64400003D0C /* LaunchScreen.storyboard */ = {
			isa = PBXVariantGroup;
			children = (
				BFA955EB1D85F64400003D0C /* Base */,
			);
			name = LaunchScreen.storyboard;
			sourceTree = "<group>";
		};
/* End PBXVariantGroup section */

/* Begin XCBuildConfiguration section */
		BFA955F91D85F64400003D0C /* Debug */ = {
			isa = XCBuildConfiguration;
			buildSettings = {
				ALWAYS_SEARCH_USER_PATHS = NO;
				CLANG_CXX_LANGUAGE_STANDARD = "gnu++0x";
				CLANG_CXX_LIBRARY = "libc++";
				CLANG_ENABLE_MODULES = YES;
				CLANG_ENABLE_OBJC_ARC = YES;
				CLANG_WARN_BOOL_CONVERSION = YES;
				CLANG_WARN_CONSTANT_CONVERSION = YES;
				CLANG_WARN_DIRECT_OBJC_ISA_USAGE = YES_ERROR;
				CLANG_WARN_EMPTY_BODY = YES;
				CLANG_WARN_ENUM_CONVERSION = YES;
				CLANG_WARN_INT_CONVERSION = YES;
				CLANG_WARN_OBJC_ROOT_CLASS = YES_ERROR;
				CLANG_WARN_UNREACHABLE_CODE = YES;
				CLANG_WARN__DUPLICATE_METHOD_MATCH = YES;
				"CODE_SIGN_IDENTITY[sdk=iphoneos*]" = "iPhone Developer";
				COPY_PHASE_STRIP = NO;
				DEBUG_INFORMATION_FORMAT = dwarf;
				ENABLE_STRICT_OBJC_MSGSEND = YES;
				ENABLE_TESTABILITY = YES;
				GCC_C_LANGUAGE_STANDARD = gnu99;
				GCC_DYNAMIC_NO_PIC = NO;
				GCC_NO_COMMON_BLOCKS = YES;
				GCC_OPTIMIZATION_LEVEL = 0;
				GCC_PREPROCESSOR_DEFINITIONS = (
					"DEBUG=1",
					"$(inherited)",
				);
				GCC_WARN_64_TO_32_BIT_CONVERSION = YES;
				GCC_WARN_ABOUT_RETURN_TYPE = YES_ERROR;
				GCC_WARN_UNDECLARED_SELECTOR = YES;
				GCC_WARN_UNINITIALIZED_AUTOS = YES_AGGRESSIVE;
				GCC_WARN_UNUSED_FUNCTION = YES;
				GCC_WARN_UNUSED_VARIABLE = YES;
				IPHONEOS_DEPLOYMENT_TARGET = 9.2;
				MTL_ENABLE_DEBUG_INFO = YES;
				ONLY_ACTIVE_ARCH = YES;
				SDKROOT = iphoneos;
				SWIFT_OPTIMIZATION_LEVEL = "-Onone";
				TARGETED_DEVICE_FAMILY = "1,2";
			};
			name = Debug;
		};
		BFA955FA1D85F64400003D0C /* Release */ = {
			isa = XCBuildConfiguration;
			buildSettings = {
				ALWAYS_SEARCH_USER_PATHS = NO;
				CLANG_CXX_LANGUAGE_STANDARD = "gnu++0x";
				CLANG_CXX_LIBRARY = "libc++";
				CLANG_ENABLE_MODULES = YES;
				CLANG_ENABLE_OBJC_ARC = YES;
				CLANG_WARN_BOOL_CONVERSION = YES;
				CLANG_WARN_CONSTANT_CONVERSION = YES;
				CLANG_WARN_DIRECT_OBJC_ISA_USAGE = YES_ERROR;
				CLANG_WARN_EMPTY_BODY = YES;
				CLANG_WARN_ENUM_CONVERSION = YES;
				CLANG_WARN_INT_CONVERSION = YES;
				CLANG_WARN_OBJC_ROOT_CLASS = YES_ERROR;
				CLANG_WARN_UNREACHABLE_CODE = YES;
				CLANG_WARN__DUPLICATE_METHOD_MATCH = YES;
				"CODE_SIGN_IDENTITY[sdk=iphoneos*]" = "iPhone Developer";
				COPY_PHASE_STRIP = NO;
				DEBUG_INFORMATION_FORMAT = "dwarf-with-dsym";
				ENABLE_NS_ASSERTIONS = NO;
				ENABLE_STRICT_OBJC_MSGSEND = YES;
				GCC_C_LANGUAGE_STANDARD = gnu99;
				GCC_NO_COMMON_BLOCKS = YES;
				GCC_WARN_64_TO_32_BIT_CONVERSION = YES;
				GCC_WARN_ABOUT_RETURN_TYPE = YES_ERROR;
				GCC_WARN_UNDECLARED_SELECTOR = YES;
				GCC_WARN_UNINITIALIZED_AUTOS = YES_AGGRESSIVE;
				GCC_WARN_UNUSED_FUNCTION = YES;
				GCC_WARN_UNUSED_VARIABLE = YES;
				IPHONEOS_DEPLOYMENT_TARGET = 9.2;
				MTL_ENABLE_DEBUG_INFO = NO;
				SDKROOT = iphoneos;
				TARGETED_DEVICE_FAMILY = "1,2";
				VALIDATE_PRODUCT = YES;
			};
			name = Release;
		};
		BFA955FC1D85F64400003D0C /* Debug */ = {
			isa = XCBuildConfiguration;
			buildSettings = {
				ASSETCATALOG_COMPILER_APPICON_NAME = AppIcon;
				INFOPLIST_FILE = FlickrBrowser/Info.plist;
				LD_RUNPATH_SEARCH_PATHS = "$(inherited) @executable_path/Frameworks";
				PRODUCT_BUNDLE_IDENTIFIER = com.lokisoftware.FlickrBrowser;
				PRODUCT_NAME = "$(TARGET_NAME)";
			};
			name = Debug;
		};
		BFA955FD1D85F64400003D0C /* Release */ = {
			isa = XCBuildConfiguration;
			buildSettings = {
				ASSETCATALOG_COMPILER_APPICON_NAME = AppIcon;
				INFOPLIST_FILE = FlickrBrowser/Info.plist;
				LD_RUNPATH_SEARCH_PATHS = "$(inherited) @executable_path/Frameworks";
				PRODUCT_BUNDLE_IDENTIFIER = com.lokisoftware.FlickrBrowser;
				PRODUCT_NAME = "$(TARGET_NAME)";
			};
			name = Release;
		};
		BFA955FF1D85F64400003D0C /* Debug */ = {
			isa = XCBuildConfiguration;
			buildSettings = {
				BUNDLE_LOADER = "$(TEST_HOST)";
				INFOPLIST_FILE = FlickrBrowserTests/Info.plist;
				LD_RUNPATH_SEARCH_PATHS = "$(inherited) @executable_path/Frameworks @loader_path/Frameworks";
				PRODUCT_BUNDLE_IDENTIFIER = com.lokisoftware.FlickrBrowserTests;
				PRODUCT_NAME = "$(TARGET_NAME)";
				TEST_HOST = "$(BUILT_PRODUCTS_DIR)/FlickrBrowser.app/FlickrBrowser";
			};
			name = Debug;
		};
		BFA956001D85F64400003D0C /* Release */ = {
			isa = XCBuildConfiguration;
			buildSettings = {
				BUNDLE_LOADER = "$(TEST_HOST)";
				INFOPLIST_FILE = FlickrBrowserTests/Info.plist;
				LD_RUNPATH_SEARCH_PATHS = "$(inherited) @executable_path/Frameworks @loader_path/Frameworks";
				PRODUCT_BUNDLE_IDENTIFIER = com.lokisoftware.FlickrBrowserTests;
				PRODUCT_NAME = "$(TARGET_NAME)";
				TEST_HOST = "$(BUILT_PRODUCTS_DIR)/FlickrBrowser.app/FlickrBrowser";
			};
			name = Release;
		};
/* End XCBuildConfiguration section */

/* Begin XCConfigurationList section */
		BFA955D91D85F64400003D0C /* Build configuration list for PBXProject "FlickrBrowser" */ = {
			isa = XCConfigurationList;
			buildConfigurations = (
				BFA955F91D85F64400003D0C /* Debug */,
				BFA955FA1D85F64400003D0C /* Release */,
			);
			defaultConfigurationIsVisible = 0;
			defaultConfigurationName = Release;
		};
		BFA955FB1D85F64400003D0C /* Build configuration list for PBXNativeTarget "FlickrBrowser" */ = {
			isa = XCConfigurationList;
			buildConfigurations = (
				BFA955FC1D85F64400003D0C /* Debug */,
				BFA955FD1D85F64400003D0C /* Release */,
			);
			defaultConfigurationIsVisible = 0;
			defaultConfigurationName = Release;
		};
		BFA955FE1D85F64400003D0C /* Build configuration list for PBXNativeTarget "FlickrBrowserTests" */ = {
			isa = XCConfigurationList;
			buildConfigurations = (
				BFA955FF1D85F64400003D0C /* Debug */,
				BFA956001D85F64400003D0C /* Release */,
			);
			defaultConfigurationIsVisible = 0;
			defaultConfigurationName = Release;
		};
/* End XCConfigurationList section */
	};
	rootObject = BFA955D61D85F64400003D0C /* Project object */;
}
